// !$*UTF8*$!
{
	archiveVersion = 1;
	classes = {
	};
	objectVersion = 46;
	objects = {

/* Begin PBXBuildFile section */
		8D10E582199D641B00DB200A /* Foundation.framework in Frameworks */ = {isa = PBXBuildFile; fileRef = 8D10E581199D641B00DB200A /* Foundation.framework */; };
		8D10E584199D641B00DB200A /* CoreGraphics.framework in Frameworks */ = {isa = PBXBuildFile; fileRef = 8D10E583199D641B00DB200A /* CoreGraphics.framework */; };
		8D10E586199D641B00DB200A /* UIKit.framework in Frameworks */ = {isa = PBXBuildFile; fileRef = 8D10E585199D641B00DB200A /* UIKit.framework */; };
		8D10E58C199D641B00DB200A /* InfoPlist.strings in Resources */ = {isa = PBXBuildFile; fileRef = 8D10E58A199D641B00DB200A /* InfoPlist.strings */; };
		8D10E58E199D641B00DB200A /* main.m in Sources */ = {isa = PBXBuildFile; fileRef = 8D10E58D199D641B00DB200A /* main.m */; };
		8D10E592199D641B00DB200A /* NSWAppDelegate.m in Sources */ = {isa = PBXBuildFile; fileRef = 8D10E591199D641B00DB200A /* NSWAppDelegate.m */; };
		8D10E595199D641B00DB200A /* Main.storyboard in Resources */ = {isa = PBXBuildFile; fileRef = 8D10E593199D641B00DB200A /* Main.storyboard */; };
		8D10E59A199D641B00DB200A /* Images.xcassets in Resources */ = {isa = PBXBuildFile; fileRef = 8D10E599199D641B00DB200A /* Images.xcassets */; };
		8D10E5A1199D641B00DB200A /* XCTest.framework in Frameworks */ = {isa = PBXBuildFile; fileRef = 8D10E5A0199D641B00DB200A /* XCTest.framework */; };
		8D10E5A2199D641B00DB200A /* Foundation.framework in Frameworks */ = {isa = PBXBuildFile; fileRef = 8D10E581199D641B00DB200A /* Foundation.framework */; };
		8D10E5A3199D641B00DB200A /* UIKit.framework in Frameworks */ = {isa = PBXBuildFile; fileRef = 8D10E585199D641B00DB200A /* UIKit.framework */; };
		8D10E5AB199D641B00DB200A /* InfoPlist.strings in Resources */ = {isa = PBXBuildFile; fileRef = 8D10E5A9199D641B00DB200A /* InfoPlist.strings */; };
		8D10E5AD199D641B00DB200A /* Training_GuideTests.m in Sources */ = {isa = PBXBuildFile; fileRef = 8D10E5AC199D641B00DB200A /* Training_GuideTests.m */; };
		8D10E5B8199D643D00DB200A /* NSWLandingViewController.m in Sources */ = {isa = PBXBuildFile; fileRef = 8D10E5B7199D643D00DB200A /* NSWLandingViewController.m */; };
		8D10E5BE199D67A800DB200A /* NSWInformationTableViewController.m in Sources */ = {isa = PBXBuildFile; fileRef = 8D10E5BD199D67A800DB200A /* NSWInformationTableViewController.m */; };
/* End PBXBuildFile section */

/* Begin PBXContainerItemProxy section */
		8D10E5A4199D641B00DB200A /* PBXContainerItemProxy */ = {
			isa = PBXContainerItemProxy;
			containerPortal = 8D10E576199D641B00DB200A /* Project object */;
			proxyType = 1;
			remoteGlobalIDString = 8D10E57D199D641B00DB200A;
			remoteInfo = "Training Guide";
		};
/* End PBXContainerItemProxy section */

/* Begin PBXFileReference section */
		8D10E57E199D641B00DB200A /* Training Guide.app */ = {isa = PBXFileReference; explicitFileType = wrapper.application; includeInIndex = 0; path = "Training Guide.app"; sourceTree = BUILT_PRODUCTS_DIR; };
		8D10E581199D641B00DB200A /* Foundation.framework */ = {isa = PBXFileReference; lastKnownFileType = wrapper.framework; name = Foundation.framework; path = System/Library/Frameworks/Foundation.framework; sourceTree = SDKROOT; };
		8D10E583199D641B00DB200A /* CoreGraphics.framework */ = {isa = PBXFileReference; lastKnownFileType = wrapper.framework; name = CoreGraphics.framework; path = System/Library/Frameworks/CoreGraphics.framework; sourceTree = SDKROOT; };
		8D10E585199D641B00DB200A /* UIKit.framework */ = {isa = PBXFileReference; lastKnownFileType = wrapper.framework; name = UIKit.framework; path = System/Library/Frameworks/UIKit.framework; sourceTree = SDKROOT; };
		8D10E589199D641B00DB200A /* Training Guide-Info.plist */ = {isa = PBXFileReference; lastKnownFileType = text.plist.xml; path = "Training Guide-Info.plist"; sourceTree = "<group>"; };
		8D10E58B199D641B00DB200A /* en */ = {isa = PBXFileReference; lastKnownFileType = text.plist.strings; name = en; path = en.lproj/InfoPlist.strings; sourceTree = "<group>"; };
		8D10E58D199D641B00DB200A /* main.m */ = {isa = PBXFileReference; lastKnownFileType = sourcecode.c.objc; path = main.m; sourceTree = "<group>"; };
		8D10E58F199D641B00DB200A /* Training Guide-Prefix.pch */ = {isa = PBXFileReference; lastKnownFileType = sourcecode.c.h; path = "Training Guide-Prefix.pch"; sourceTree = "<group>"; };
		8D10E590199D641B00DB200A /* NSWAppDelegate.h */ = {isa = PBXFileReference; lastKnownFileType = sourcecode.c.h; path = NSWAppDelegate.h; sourceTree = "<group>"; };
		8D10E591199D641B00DB200A /* NSWAppDelegate.m */ = {isa = PBXFileReference; lastKnownFileType = sourcecode.c.objc; path = NSWAppDelegate.m; sourceTree = "<group>"; };
		8D10E594199D641B00DB200A /* Base */ = {isa = PBXFileReference; lastKnownFileType = file.storyboard; name = Base; path = Base.lproj/Main.storyboard; sourceTree = "<group>"; };
		8D10E599199D641B00DB200A /* Images.xcassets */ = {isa = PBXFileReference; lastKnownFileType = folder.assetcatalog; path = Images.xcassets; sourceTree = "<group>"; };
		8D10E59F199D641B00DB200A /* Training GuideTests.xctest */ = {isa = PBXFileReference; explicitFileType = wrapper.cfbundle; includeInIndex = 0; path = "Training GuideTests.xctest"; sourceTree = BUILT_PRODUCTS_DIR; };
		8D10E5A0199D641B00DB200A /* XCTest.framework */ = {isa = PBXFileReference; lastKnownFileType = wrapper.framework; name = XCTest.framework; path = Library/Frameworks/XCTest.framework; sourceTree = DEVELOPER_DIR; };
		8D10E5A8199D641B00DB200A /* Training GuideTests-Info.plist */ = {isa = PBXFileReference; lastKnownFileType = text.plist.xml; path = "Training GuideTests-Info.plist"; sourceTree = "<group>"; };
		8D10E5AA199D641B00DB200A /* en */ = {isa = PBXFileReference; lastKnownFileType = text.plist.strings; name = en; path = en.lproj/InfoPlist.strings; sourceTree = "<group>"; };
		8D10E5AC199D641B00DB200A /* Training_GuideTests.m */ = {isa = PBXFileReference; lastKnownFileType = sourcecode.c.objc; path = Training_GuideTests.m; sourceTree = "<group>"; };
		8D10E5B6199D643D00DB200A /* NSWLandingViewController.h */ = {isa = PBXFileReference; fileEncoding = 4; lastKnownFileType = sourcecode.c.h; path = NSWLandingViewController.h; sourceTree = "<group>"; };
		8D10E5B7199D643D00DB200A /* NSWLandingViewController.m */ = {isa = PBXFileReference; fileEncoding = 4; lastKnownFileType = sourcecode.c.objc; path = NSWLandingViewController.m; sourceTree = "<group>"; };
		8D10E5BC199D67A800DB200A /* NSWInformationTableViewController.h */ = {isa = PBXFileReference; fileEncoding = 4; lastKnownFileType = sourcecode.c.h; path = NSWInformationTableViewController.h; sourceTree = "<group>"; };
		8D10E5BD199D67A800DB200A /* NSWInformationTableViewController.m */ = {isa = PBXFileReference; fileEncoding = 4; lastKnownFileType = sourcecode.c.objc; path = NSWInformationTableViewController.m; sourceTree = "<group>"; };
/* End PBXFileReference section */

/* Begin PBXFrameworksBuildPhase section */
		8D10E57B199D641B00DB200A /* Frameworks */ = {
			isa = PBXFrameworksBuildPhase;
			buildActionMask = 2147483647;
			files = (
				8D10E584199D641B00DB200A /* CoreGraphics.framework in Frameworks */,
				8D10E586199D641B00DB200A /* UIKit.framework in Frameworks */,
				8D10E582199D641B00DB200A /* Foundation.framework in Frameworks */,
			);
			runOnlyForDeploymentPostprocessing = 0;
		};
		8D10E59C199D641B00DB200A /* Frameworks */ = {
			isa = PBXFrameworksBuildPhase;
			buildActionMask = 2147483647;
			files = (
				8D10E5A1199D641B00DB200A /* XCTest.framework in Frameworks */,
				8D10E5A3199D641B00DB200A /* UIKit.framework in Frameworks */,
				8D10E5A2199D641B00DB200A /* Foundation.framework in Frameworks */,
			);
			runOnlyForDeploymentPostprocessing = 0;
		};
/* End PBXFrameworksBuildPhase section */

/* Begin PBXGroup section */
		8D10E575199D641B00DB200A = {
			isa = PBXGroup;
			children = (
				8D10E587199D641B00DB200A /* Training Guide */,
				8D10E5A6199D641B00DB200A /* Training GuideTests */,
				8D10E580199D641B00DB200A /* Frameworks */,
				8D10E57F199D641B00DB200A /* Products */,
			);
			sourceTree = "<group>";
		};
		8D10E57F199D641B00DB200A /* Products */ = {
			isa = PBXGroup;
			children = (
				8D10E57E199D641B00DB200A /* Training Guide.app */,
				8D10E59F199D641B00DB200A /* Training GuideTests.xctest */,
			);
			name = Products;
			sourceTree = "<group>";
		};
		8D10E580199D641B00DB200A /* Frameworks */ = {
			isa = PBXGroup;
			children = (
				8D10E581199D641B00DB200A /* Foundation.framework */,
				8D10E583199D641B00DB200A /* CoreGraphics.framework */,
				8D10E585199D641B00DB200A /* UIKit.framework */,
				8D10E5A0199D641B00DB200A /* XCTest.framework */,
			);
			name = Frameworks;
			sourceTree = "<group>";
		};
		8D10E587199D641B00DB200A /* Training Guide */ = {
			isa = PBXGroup;
			children = (
				8D10E590199D641B00DB200A /* NSWAppDelegate.h */,
				8D10E591199D641B00DB200A /* NSWAppDelegate.m */,
				8D10E593199D641B00DB200A /* Main.storyboard */,
				8D10E5B6199D643D00DB200A /* NSWLandingViewController.h */,
				8D10E5B7199D643D00DB200A /* NSWLandingViewController.m */,
				8D10E5BC199D67A800DB200A /* NSWInformationTableViewController.h */,
				8D10E5BD199D67A800DB200A /* NSWInformationTableViewController.m */,
				8D10E599199D641B00DB200A /* Images.xcassets */,
				8D10E588199D641B00DB200A /* Supporting Files */,
			);
			path = "Training Guide";
			sourceTree = "<group>";
		};
		8D10E588199D641B00DB200A /* Supporting Files */ = {
			isa = PBXGroup;
			children = (
				8D10E589199D641B00DB200A /* Training Guide-Info.plist */,
				8D10E58A199D641B00DB200A /* InfoPlist.strings */,
				8D10E58D199D641B00DB200A /* main.m */,
				8D10E58F199D641B00DB200A /* Training Guide-Prefix.pch */,
			);
			name = "Supporting Files";
			sourceTree = "<group>";
		};
		8D10E5A6199D641B00DB200A /* Training GuideTests */ = {
			isa = PBXGroup;
			children = (
				8D10E5AC199D641B00DB200A /* Training_GuideTests.m */,
				8D10E5A7199D641B00DB200A /* Supporting Files */,
			);
			path = "Training GuideTests";
			sourceTree = "<group>";
		};
		8D10E5A7199D641B00DB200A /* Supporting Files */ = {
			isa = PBXGroup;
			children = (
				8D10E5A8199D641B00DB200A /* Training GuideTests-Info.plist */,
				8D10E5A9199D641B00DB200A /* InfoPlist.strings */,
			);
			name = "Supporting Files";
			sourceTree = "<group>";
		};
/* End PBXGroup section */

/* Begin PBXNativeTarget section */
		8D10E57D199D641B00DB200A /* Training Guide */ = {
			isa = PBXNativeTarget;
			buildConfigurationList = 8D10E5B0199D641B00DB200A /* Build configuration list for PBXNativeTarget "Training Guide" */;
			buildPhases = (
				8D10E57A199D641B00DB200A /* Sources */,
				8D10E57B199D641B00DB200A /* Frameworks */,
				8D10E57C199D641B00DB200A /* Resources */,
			);
			buildRules = (
			);
			dependencies = (
			);
			name = "Training Guide";
			productName = "Training Guide";
			productReference = 8D10E57E199D641B00DB200A /* Training Guide.app */;
			productType = "com.apple.product-type.application";
		};
		8D10E59E199D641B00DB200A /* Training GuideTests */ = {
			isa = PBXNativeTarget;
			buildConfigurationList = 8D10E5B3199D641B00DB200A /* Build configuration list for PBXNativeTarget "Training GuideTests" */;
			buildPhases = (
				8D10E59B199D641B00DB200A /* Sources */,
				8D10E59C199D641B00DB200A /* Frameworks */,
				8D10E59D199D641B00DB200A /* Resources */,
			);
			buildRules = (
			);
			dependencies = (
				8D10E5A5199D641B00DB200A /* PBXTargetDependency */,
			);
			name = "Training GuideTests";
			productName = "Training GuideTests";
			productReference = 8D10E59F199D641B00DB200A /* Training GuideTests.xctest */;
			productType = "com.apple.product-type.bundle.unit-test";
		};
/* End PBXNativeTarget section */

/* Begin PBXProject section */
		8D10E576199D641B00DB200A /* Project object */ = {
			isa = PBXProject;
			attributes = {
				CLASSPREFIX = NSW;
				LastUpgradeCheck = 0510;
				ORGANIZATIONNAME = "Byte Meets World";
				TargetAttributes = {
					8D10E59E199D641B00DB200A = {
						TestTargetID = 8D10E57D199D641B00DB200A;
					};
				};
			};
			buildConfigurationList = 8D10E579199D641B00DB200A /* Build configuration list for PBXProject "Training Guide" */;
			compatibilityVersion = "Xcode 3.2";
			developmentRegion = English;
			hasScannedForEncodings = 0;
			knownRegions = (
				en,
				Base,
			);
			mainGroup = 8D10E575199D641B00DB200A;
			productRefGroup = 8D10E57F199D641B00DB200A /* Products */;
			projectDirPath = "";
			projectRoot = "";
			targets = (
				8D10E57D199D641B00DB200A /* Training Guide */,
				8D10E59E199D641B00DB200A /* Training GuideTests */,
			);
		};
/* End PBXProject section */

/* Begin PBXResourcesBuildPhase section */
		8D10E57C199D641B00DB200A /* Resources */ = {
			isa = PBXResourcesBuildPhase;
			buildActionMask = 2147483647;
			files = (
				8D10E59A199D641B00DB200A /* Images.xcassets in Resources */,
				8D10E58C199D641B00DB200A /* InfoPlist.strings in Resources */,
				8D10E595199D641B00DB200A /* Main.storyboard in Resources */,
			);
			runOnlyForDeploymentPostprocessing = 0;
		};
		8D10E59D199D641B00DB200A /* Resources */ = {
			isa = PBXResourcesBuildPhase;
			buildActionMask = 2147483647;
			files = (
				8D10E5AB199D641B00DB200A /* InfoPlist.strings in Resources */,
			);
			runOnlyForDeploymentPostprocessing = 0;
		};
/* End PBXResourcesBuildPhase section */

/* Begin PBXSourcesBuildPhase section */
		8D10E57A199D641B00DB200A /* Sources */ = {
			isa = PBXSourcesBuildPhase;
			buildActionMask = 2147483647;
			files = (
				8D10E5B8199D643D00DB200A /* NSWLandingViewController.m in Sources */,
				8D10E58E199D641B00DB200A /* main.m in Sources */,
				8D10E592199D641B00DB200A /* NSWAppDelegate.m in Sources */,
				8D10E5BE199D67A800DB200A /* NSWInformationTableViewController.m in Sources */,
			);
			runOnlyForDeploymentPostprocessing = 0;
		};
		8D10E59B199D641B00DB200A /* Sources */ = {
			isa = PBXSourcesBuildPhase;
			buildActionMask = 2147483647;
			files = (
				8D10E5AD199D641B00DB200A /* Training_GuideTests.m in Sources */,
			);
			runOnlyForDeploymentPostprocessing = 0;
		};
/* End PBXSourcesBuildPhase section */

/* Begin PBXTargetDependency section */
		8D10E5A5199D641B00DB200A /* PBXTargetDependency */ = {
			isa = PBXTargetDependency;
			target = 8D10E57D199D641B00DB200A /* Training Guide */;
			targetProxy = 8D10E5A4199D641B00DB200A /* PBXContainerItemProxy */;
		};
/* End PBXTargetDependency section */

/* Begin PBXVariantGroup section */
		8D10E58A199D641B00DB200A /* InfoPlist.strings */ = {
			isa = PBXVariantGroup;
			children = (
				8D10E58B199D641B00DB200A /* en */,
			);
			name = InfoPlist.strings;
			sourceTree = "<group>";
		};
		8D10E593199D641B00DB200A /* Main.storyboard */ = {
			isa = PBXVariantGroup;
			children = (
				8D10E594199D641B00DB200A /* Base */,
			);
			name = Main.storyboard;
			sourceTree = "<group>";
		};
		8D10E5A9199D641B00DB200A /* InfoPlist.strings */ = {
			isa = PBXVariantGroup;
			children = (
				8D10E5AA199D641B00DB200A /* en */,
			);
			name = InfoPlist.strings;
			sourceTree = "<group>";
		};
/* End PBXVariantGroup section */

/* Begin XCBuildConfiguration section */
		8D10E5AE199D641B00DB200A /* Debug */ = {
			isa = XCBuildConfiguration;
			buildSettings = {
				ALWAYS_SEARCH_USER_PATHS = NO;
				CLANG_CXX_LANGUAGE_STANDARD = "gnu++0x";
				CLANG_CXX_LIBRARY = "libc++";
				CLANG_ENABLE_MODULES = YES;
				CLANG_ENABLE_OBJC_ARC = YES;
				CLANG_WARN_BOOL_CONVERSION = YES;
				CLANG_WARN_CONSTANT_CONVERSION = YES;
				CLANG_WARN_DIRECT_OBJC_ISA_USAGE = YES_ERROR;
				CLANG_WARN_EMPTY_BODY = YES;
				CLANG_WARN_ENUM_CONVERSION = YES;
				CLANG_WARN_INT_CONVERSION = YES;
				CLANG_WARN_OBJC_ROOT_CLASS = YES_ERROR;
				CLANG_WARN__DUPLICATE_METHOD_MATCH = YES;
				"CODE_SIGN_IDENTITY[sdk=iphoneos*]" = "iPhone Developer";
				COPY_PHASE_STRIP = NO;
				GCC_C_LANGUAGE_STANDARD = gnu99;
				GCC_DYNAMIC_NO_PIC = NO;
				GCC_OPTIMIZATION_LEVEL = 0;
				GCC_PREPROCESSOR_DEFINITIONS = (
					"DEBUG=1",
					"$(inherited)",
				);
				GCC_SYMBOLS_PRIVATE_EXTERN = NO;
				GCC_WARN_64_TO_32_BIT_CONVERSION = YES;
				GCC_WARN_ABOUT_RETURN_TYPE = YES_ERROR;
				GCC_WARN_UNDECLARED_SELECTOR = YES;
				GCC_WARN_UNINITIALIZED_AUTOS = YES_AGGRESSIVE;
				GCC_WARN_UNUSED_FUNCTION = YES;
				GCC_WARN_UNUSED_VARIABLE = YES;
				IPHONEOS_DEPLOYMENT_TARGET = 7.1;
				ONLY_ACTIVE_ARCH = YES;
				SDKROOT = iphoneos;
			};
			name = Debug;
		};
		8D10E5AF199D641B00DB200A /* Release */ = {
			isa = XCBuildConfiguration;
			buildSettings = {
				ALWAYS_SEARCH_USER_PATHS = NO;
				CLANG_CXX_LANGUAGE_STANDARD = "gnu++0x";
				CLANG_CXX_LIBRARY = "libc++";
				CLANG_ENABLE_MODULES = YES;
				CLANG_ENABLE_OBJC_ARC = YES;
				CLANG_WARN_BOOL_CONVERSION = YES;
				CLANG_WARN_CONSTANT_CONVERSION = YES;
				CLANG_WARN_DIRECT_OBJC_ISA_USAGE = YES_ERROR;
				CLANG_WARN_EMPTY_BODY = YES;
				CLANG_WARN_ENUM_CONVERSION = YES;
				CLANG_WARN_INT_CONVERSION = YES;
				CLANG_WARN_OBJC_ROOT_CLASS = YES_ERROR;
				CLANG_WARN__DUPLICATE_METHOD_MATCH = YES;
				"CODE_SIGN_IDENTITY[sdk=iphoneos*]" = "iPhone Developer";
				COPY_PHASE_STRIP = YES;
				ENABLE_NS_ASSERTIONS = NO;
				GCC_C_LANGUAGE_STANDARD = gnu99;
				GCC_WARN_64_TO_32_BIT_CONVERSION = YES;
				GCC_WARN_ABOUT_RETURN_TYPE = YES_ERROR;
				GCC_WARN_UNDECLARED_SELECTOR = YES;
				GCC_WARN_UNINITIALIZED_AUTOS = YES_AGGRESSIVE;
				GCC_WARN_UNUSED_FUNCTION = YES;
				GCC_WARN_UNUSED_VARIABLE = YES;
				IPHONEOS_DEPLOYMENT_TARGET = 7.1;
				SDKROOT = iphoneos;
				VALIDATE_PRODUCT = YES;
			};
			name = Release;
		};
		8D10E5B1199D641B00DB200A /* Debug */ = {
			isa = XCBuildConfiguration;
			buildSettings = {
				ASSETCATALOG_COMPILER_APPICON_NAME = AppIcon;
				ASSETCATALOG_COMPILER_LAUNCHIMAGE_NAME = LaunchImage;
				GCC_PRECOMPILE_PREFIX_HEADER = YES;
				GCC_PREFIX_HEADER = "Training Guide/Training Guide-Prefix.pch";
				INFOPLIST_FILE = "Training Guide/Training Guide-Info.plist";
				PRODUCT_NAME = "$(TARGET_NAME)";
				WRAPPER_EXTENSION = app;
			};
			name = Debug;
		};
		8D10E5B2199D641B00DB200A /* Release */ = {
			isa = XCBuildConfiguration;
			buildSettings = {
				ASSETCATALOG_COMPILER_APPICON_NAME = AppIcon;
				ASSETCATALOG_COMPILER_LAUNCHIMAGE_NAME = LaunchImage;
				GCC_PRECOMPILE_PREFIX_HEADER = YES;
				GCC_PREFIX_HEADER = "Training Guide/Training Guide-Prefix.pch";
				INFOPLIST_FILE = "Training Guide/Training Guide-Info.plist";
				PRODUCT_NAME = "$(TARGET_NAME)";
				WRAPPER_EXTENSION = app;
			};
			name = Release;
		};
		8D10E5B4199D641B00DB200A /* Debug */ = {
			isa = XCBuildConfiguration;
			buildSettings = {
				BUNDLE_LOADER = "$(BUILT_PRODUCTS_DIR)/Training Guide.app/Training Guide";
				FRAMEWORK_SEARCH_PATHS = (
					"$(SDKROOT)/Developer/Library/Frameworks",
					"$(inherited)",
					"$(DEVELOPER_FRAMEWORKS_DIR)",
				);
				GCC_PRECOMPILE_PREFIX_HEADER = YES;
				GCC_PREFIX_HEADER = "Training Guide/Training Guide-Prefix.pch";
				GCC_PREPROCESSOR_DEFINITIONS = (
					"DEBUG=1",
					"$(inherited)",
				);
				INFOPLIST_FILE = "Training GuideTests/Training GuideTests-Info.plist";
				PRODUCT_NAME = "$(TARGET_NAME)";
				TEST_HOST = "$(BUNDLE_LOADER)";
				WRAPPER_EXTENSION = xctest;
			};
			name = Debug;
		};
		8D10E5B5199D641B00DB200A /* Release */ = {
			isa = XCBuildConfiguration;
			buildSettings = {
				BUNDLE_LOADER = "$(BUILT_PRODUCTS_DIR)/Training Guide.app/Training Guide";
				FRAMEWORK_SEARCH_PATHS = (
					"$(SDKROOT)/Developer/Library/Frameworks",
					"$(inherited)",
					"$(DEVELOPER_FRAMEWORKS_DIR)",
				);
				GCC_PRECOMPILE_PREFIX_HEADER = YES;
				GCC_PREFIX_HEADER = "Training Guide/Training Guide-Prefix.pch";
				INFOPLIST_FILE = "Training GuideTests/Training GuideTests-Info.plist";
				PRODUCT_NAME = "$(TARGET_NAME)";
				TEST_HOST = "$(BUNDLE_LOADER)";
				WRAPPER_EXTENSION = xctest;
			};
			name = Release;
		};
/* End XCBuildConfiguration section */

/* Begin XCConfigurationList section */
		8D10E579199D641B00DB200A /* Build configuration list for PBXProject "Training Guide" */ = {
			isa = XCConfigurationList;
			buildConfigurations = (
				8D10E5AE199D641B00DB200A /* Debug */,
				8D10E5AF199D641B00DB200A /* Release */,
			);
			defaultConfigurationIsVisible = 0;
			defaultConfigurationName = Release;
		};
		8D10E5B0199D641B00DB200A /* Build configuration list for PBXNativeTarget "Training Guide" */ = {
			isa = XCConfigurationList;
			buildConfigurations = (
				8D10E5B1199D641B00DB200A /* Debug */,
				8D10E5B2199D641B00DB200A /* Release */,
			);
			defaultConfigurationIsVisible = 0;
		};
		8D10E5B3199D641B00DB200A /* Build configuration list for PBXNativeTarget "Training GuideTests" */ = {
			isa = XCConfigurationList;
			buildConfigurations = (
				8D10E5B4199D641B00DB200A /* Debug */,
				8D10E5B5199D641B00DB200A /* Release */,
			);
			defaultConfigurationIsVisible = 0;
		};
/* End XCConfigurationList section */
	};
	rootObject = 8D10E576199D641B00DB200A /* Project object */;
}
